
Microsoft Visual Studio Solution File, Format Version 12.00
# Visual Studio Version 16
VisualStudioVersion = 16.0.33423.256
MinimumVisualStudioVersion = 10.0.40219.1
Project("{FAE04EC0-301F-11D3-BF4B-00C04F79EFBC}") = "BTLCSharp", "BTLCSharp\BTLCSharp.csproj", "{45485DDF-188D-4B21-8B1D-90FF6295046B}"
EndProject
Global
	GlobalSection(SolutionConfigurationPlatforms) = preSolution
		Debug|Any CPU = Debug|Any CPU
		Release|Any CPU = Release|Any CPU
	EndGlobalSection
	GlobalSection(ProjectConfigurationPlatforms) = postSolution
		{45485DDF-188D-4B21-8B1D-90FF6295046B}.Debug|Any CPU.ActiveCfg = Debug|Any CPU
		{45485DDF-188D-4B21-8B1D-90FF6295046B}.Debug|Any CPU.Build.0 = Debug|Any CPU
		{45485DDF-188D-4B21-8B1D-90FF6295046B}.Release|Any CPU.ActiveCfg = Release|Any CPU
		{45485DDF-188D-4B21-8B1D-90FF6295046B}.Release|Any CPU.Build.0 = Release|Any CPU
	EndGlobalSection
	GlobalSection(SolutionProperties) = preSolution
		HideSolutionNode = FALSE
	EndGlobalSection
	GlobalSection(ExtensibilityGlobals) = postSolution
		SolutionGuid = {D910E4BD-AFC6-4D0A-8DAC-72D92FF4AB62}
	EndGlobalSection
EndGlobal
